
Microsoft Visual Studio Solution File, Format Version 12.00
# Visual Studio Version 17
VisualStudioVersion = 17.13.35931.197 d17.13
MinimumVisualStudioVersion = 10.0.40219.1
Project("{FAE04EC0-301F-11D3-BF4B-00C04F79EFBC}") = "Notes", "Notes\Notes.csproj", "{0702DB8F-D73D-4284-892D-DE96F5610BA9}"
EndProject
Global
	GlobalSection(SolutionConfigurationPlatforms) = preSolution
		Debug|Any CPU = Debug|Any CPU
		Release|Any CPU = Release|Any CPU
	EndGlobalSection
	GlobalSection(ProjectConfigurationPlatforms) = postSolution
		{0702DB8F-D73D-4284-892D-DE96F5610BA9}.Debug|Any CPU.ActiveCfg = Debug|Any CPU
		{0702DB8F-D73D-4284-892D-DE96F5610BA9}.Debug|Any CPU.Build.0 = Debug|Any CPU
		{0702DB8F-D73D-4284-892D-DE96F5610BA9}.Release|Any CPU.ActiveCfg = Release|Any CPU
		{0702DB8F-D73D-4284-892D-DE96F5610BA9}.Release|Any CPU.Build.0 = Release|Any CPU
	EndGlobalSection
	GlobalSection(SolutionProperties) = preSolution
		HideSolutionNode = FALSE
	EndGlobalSection
	GlobalSection(ExtensibilityGlobals) = postSolution
		SolutionGuid = {6932B3FE-7CE3-4155-A6F5-39747E90FDE7}
	EndGlobalSection
EndGlobal
